
Microsoft Visual Studio Solution File, Format Version 12.00
# Visual Studio Version 16
VisualStudioVersion = 16.0.31005.135
MinimumVisualStudioVersion = 10.0.40219.1
Project("{FAE04EC0-301F-11D3-BF4B-00C04F79EFBC}") = "Intent.DocFx.TagExtensions", "Intent.DocFx.TagExtensions\Intent.DocFx.TagExtensions.csproj", "{4EE7AFCE-B907-4B91-8D2A-628B43F39DE7}"
EndProject
Global
	GlobalSection(SolutionConfigurationPlatforms) = preSolution
		Debug|Any CPU = Debug|Any CPU
		Release|Any CPU = Release|Any CPU
	EndGlobalSection
	GlobalSection(ProjectConfigurationPlatforms) = postSolution
		{4EE7AFCE-B907-4B91-8D2A-628B43F39DE7}.Debug|Any CPU.ActiveCfg = Debug|Any CPU
		{4EE7AFCE-B907-4B91-8D2A-628B43F39DE7}.Debug|Any CPU.Build.0 = Debug|Any CPU
		{4EE7AFCE-B907-4B91-8D2A-628B43F39DE7}.Release|Any CPU.ActiveCfg = Release|Any CPU
		{4EE7AFCE-B907-4B91-8D2A-628B43F39DE7}.Release|Any CPU.Build.0 = Release|Any CPU
	EndGlobalSection
	GlobalSection(SolutionProperties) = preSolution
		HideSolutionNode = FALSE
	EndGlobalSection
	GlobalSection(ExtensibilityGlobals) = postSolution
		SolutionGuid = {063B1A09-21F0-4A96-B213-981014C8D11A}
	EndGlobalSection
EndGlobal
